
Microsoft Visual Studio Solution File, Format Version 12.00
# Visual Studio 15
Project("{FAE04EC0-301F-11D3-BF4B-00C04F79EFBC}") = "VectorPlus.Lib", "VectorPlus.Lib\VectorPlus.Lib.csproj", "{BF455D1E-B508-457A-AA2F-E9E56E9BCE0B}"
EndProject
Project("{FAE04EC0-301F-11D3-BF4B-00C04F79EFBC}") = "VectorPlus.Demo.Behaviour", "VectorPlus.Demo.Behaviours\VectorPlus.Demo.Behaviour.csproj", "{02E44B3A-64B2-470C-B019-729F6EB14CA6}"
EndProject
Project("{FAE04EC0-301F-11D3-BF4B-00C04F79EFBC}") = "VectorPlus.Console", "VectorPlus.Console\VectorPlus.Console.csproj", "{0C84BDBC-F61C-43CF-A47E-49FF42E9C19C}"
EndProject
Project("{FAE04EC0-301F-11D3-BF4B-00C04F79EFBC}") = "VectorPlus.Web", "VectorPlus.Web\VectorPlus.Web.csproj", "{1D1F38B6-1B12-4B06-814A-99C8BE2917E9}"
EndProject
Project("{FAE04EC0-301F-11D3-BF4B-00C04F79EFBC}") = "VectorPlus.Lib.Tests", "VectorPlus.Lib.Tests\VectorPlus.Lib.Tests.csproj", "{315C4E9F-6254-472D-8044-8A3F39F60648}"
EndProject
Project("{FAE04EC0-301F-11D3-BF4B-00C04F79EFBC}") = "VectorPlus.Capabilities.Vision", "VectorPlus.Capabilities.Vision\VectorPlus.Capabilities.Vision.csproj", "{20D92B78-6BF4-4B48-BA72-23650C0FC164}"
EndProject
Project("{FAE04EC0-301F-11D3-BF4B-00C04F79EFBC}") = "VectorPlus.Capabilities.Tests", "VectorPlus.Capabilities.Tests\VectorPlus.Capabilities.Tests.csproj", "{59713B2C-4BD8-470D-A955-AAB7A379E9B6}"
EndProject
Global
	GlobalSection(SolutionConfigurationPlatforms) = preSolution
		Debug|Any CPU = Debug|Any CPU
		Release|Any CPU = Release|Any CPU
	EndGlobalSection
	GlobalSection(ProjectConfigurationPlatforms) = postSolution
		{BF455D1E-B508-457A-AA2F-E9E56E9BCE0B}.Debug|Any CPU.ActiveCfg = Debug|Any CPU
		{BF455D1E-B508-457A-AA2F-E9E56E9BCE0B}.Debug|Any CPU.Build.0 = Debug|Any CPU
		{BF455D1E-B508-457A-AA2F-E9E56E9BCE0B}.Release|Any CPU.ActiveCfg = Release|Any CPU
		{BF455D1E-B508-457A-AA2F-E9E56E9BCE0B}.Release|Any CPU.Build.0 = Release|Any CPU
		{02E44B3A-64B2-470C-B019-729F6EB14CA6}.Debug|Any CPU.ActiveCfg = Debug|Any CPU
		{02E44B3A-64B2-470C-B019-729F6EB14CA6}.Debug|Any CPU.Build.0 = Debug|Any CPU
		{02E44B3A-64B2-470C-B019-729F6EB14CA6}.Release|Any CPU.ActiveCfg = Release|Any CPU
		{02E44B3A-64B2-470C-B019-729F6EB14CA6}.Release|Any CPU.Build.0 = Release|Any CPU
		{0C84BDBC-F61C-43CF-A47E-49FF42E9C19C}.Debug|Any CPU.ActiveCfg = Debug|Any CPU
		{0C84BDBC-F61C-43CF-A47E-49FF42E9C19C}.Debug|Any CPU.Build.0 = Debug|Any CPU
		{0C84BDBC-F61C-43CF-A47E-49FF42E9C19C}.Release|Any CPU.ActiveCfg = Release|Any CPU
		{0C84BDBC-F61C-43CF-A47E-49FF42E9C19C}.Release|Any CPU.Build.0 = Release|Any CPU
		{1D1F38B6-1B12-4B06-814A-99C8BE2917E9}.Debug|Any CPU.ActiveCfg = Debug|Any CPU
		{1D1F38B6-1B12-4B06-814A-99C8BE2917E9}.Debug|Any CPU.Build.0 = Debug|Any CPU
		{1D1F38B6-1B12-4B06-814A-99C8BE2917E9}.Release|Any CPU.ActiveCfg = Release|Any CPU
		{1D1F38B6-1B12-4B06-814A-99C8BE2917E9}.Release|Any CPU.Build.0 = Release|Any CPU
		{315C4E9F-6254-472D-8044-8A3F39F60648}.Debug|Any CPU.ActiveCfg = Debug|Any CPU
		{315C4E9F-6254-472D-8044-8A3F39F60648}.Debug|Any CPU.Build.0 = Debug|Any CPU
		{315C4E9F-6254-472D-8044-8A3F39F60648}.Release|Any CPU.ActiveCfg = Release|Any CPU
		{315C4E9F-6254-472D-8044-8A3F39F60648}.Release|Any CPU.Build.0 = Release|Any CPU
		{20D92B78-6BF4-4B48-BA72-23650C0FC164}.Debug|Any CPU.ActiveCfg = Debug|Any CPU
		{20D92B78-6BF4-4B48-BA72-23650C0FC164}.Debug|Any CPU.Build.0 = Debug|Any CPU
		{20D92B78-6BF4-4B48-BA72-23650C0FC164}.Release|Any CPU.ActiveCfg = Release|Any CPU
		{20D92B78-6BF4-4B48-BA72-23650C0FC164}.Release|Any CPU.Build.0 = Release|Any CPU
		{59713B2C-4BD8-470D-A955-AAB7A379E9B6}.Debug|Any CPU.ActiveCfg = Debug|Any CPU
		{59713B2C-4BD8-470D-A955-AAB7A379E9B6}.Debug|Any CPU.Build.0 = Debug|Any CPU
		{59713B2C-4BD8-470D-A955-AAB7A379E9B6}.Release|Any CPU.ActiveCfg = Release|Any CPU
		{59713B2C-4BD8-470D-A955-AAB7A379E9B6}.Release|Any CPU.Build.0 = Release|Any CPU
	EndGlobalSection
EndGlobal
